// !$*UTF8*$!
{
	archiveVersion = 1;
	classes = {
	};
	objectVersion = 50;
	objects = {

/* Begin PBXBuildFile section */
		8054C0B1241D492F008907B8 /* AppDelegate.swift in Sources */ = {isa = PBXBuildFile; fileRef = 8054C0B0241D492F008907B8 /* AppDelegate.swift */; };
		8054C0B3241D492F008907B8 /* SceneDelegate.swift in Sources */ = {isa = PBXBuildFile; fileRef = 8054C0B2241D492F008907B8 /* SceneDelegate.swift */; };
		8054C0B5241D492F008907B8 /* ViewController.swift in Sources */ = {isa = PBXBuildFile; fileRef = 8054C0B4241D492F008907B8 /* ViewController.swift */; };
		8054C0B8241D492F008907B8 /* Main.storyboard in Resources */ = {isa = PBXBuildFile; fileRef = 8054C0B6241D492F008907B8 /* Main.storyboard */; };
		8054C0BA241D4932008907B8 /* Assets.xcassets in Resources */ = {isa = PBXBuildFile; fileRef = 8054C0B9241D4932008907B8 /* Assets.xcassets */; };
		8054C0BD241D4932008907B8 /* LaunchScreen.storyboard in Resources */ = {isa = PBXBuildFile; fileRef = 8054C0BB241D4932008907B8 /* LaunchScreen.storyboard */; };
		8054C0CE241FE6D5008907B8 /* BTAdvertiser.swift in Sources */ = {isa = PBXBuildFile; fileRef = 8054C0CD241FE6D5008907B8 /* BTAdvertiser.swift */; };
		8054C0D0241FE706008907B8 /* BTScanner.swift in Sources */ = {isa = PBXBuildFile; fileRef = 8054C0CF241FE706008907B8 /* BTScanner.swift */; };
		8054C0D2241FE720008907B8 /* BT.swift in Sources */ = {isa = PBXBuildFile; fileRef = 8054C0D1241FE720008907B8 /* BT.swift */; };
		8054C0D4241FEA4F008907B8 /* Log.swift in Sources */ = {isa = PBXBuildFile; fileRef = 8054C0D3241FEA4F008907B8 /* Log.swift */; };
/* End PBXBuildFile section */

/* Begin PBXFileReference section */
		8054C0AD241D492F008907B8 /* BT-Tracking.app */ = {isa = PBXFileReference; explicitFileType = wrapper.application; includeInIndex = 0; path = "BT-Tracking.app"; sourceTree = BUILT_PRODUCTS_DIR; };
		8054C0B0241D492F008907B8 /* AppDelegate.swift */ = {isa = PBXFileReference; lastKnownFileType = sourcecode.swift; path = AppDelegate.swift; sourceTree = "<group>"; };
		8054C0B2241D492F008907B8 /* SceneDelegate.swift */ = {isa = PBXFileReference; lastKnownFileType = sourcecode.swift; path = SceneDelegate.swift; sourceTree = "<group>"; };
		8054C0B4241D492F008907B8 /* ViewController.swift */ = {isa = PBXFileReference; lastKnownFileType = sourcecode.swift; path = ViewController.swift; sourceTree = "<group>"; };
		8054C0B7241D492F008907B8 /* Base */ = {isa = PBXFileReference; lastKnownFileType = file.storyboard; name = Base; path = Base.lproj/Main.storyboard; sourceTree = "<group>"; };
		8054C0B9241D4932008907B8 /* Assets.xcassets */ = {isa = PBXFileReference; lastKnownFileType = folder.assetcatalog; path = Assets.xcassets; sourceTree = "<group>"; };
		8054C0BC241D4932008907B8 /* Base */ = {isa = PBXFileReference; lastKnownFileType = file.storyboard; name = Base; path = Base.lproj/LaunchScreen.storyboard; sourceTree = "<group>"; };
		8054C0BE241D4932008907B8 /* Info.plist */ = {isa = PBXFileReference; lastKnownFileType = text.plist.xml; path = Info.plist; sourceTree = "<group>"; };
		8054C0CD241FE6D5008907B8 /* BTAdvertiser.swift */ = {isa = PBXFileReference; fileEncoding = 4; lastKnownFileType = sourcecode.swift; path = BTAdvertiser.swift; sourceTree = "<group>"; };
		8054C0CF241FE706008907B8 /* BTScanner.swift */ = {isa = PBXFileReference; lastKnownFileType = sourcecode.swift; path = BTScanner.swift; sourceTree = "<group>"; };
		8054C0D1241FE720008907B8 /* BT.swift */ = {isa = PBXFileReference; lastKnownFileType = sourcecode.swift; path = BT.swift; sourceTree = "<group>"; };
		8054C0D3241FEA4F008907B8 /* Log.swift */ = {isa = PBXFileReference; lastKnownFileType = sourcecode.swift; path = Log.swift; sourceTree = "<group>"; };
/* End PBXFileReference section */

/* Begin PBXFrameworksBuildPhase section */
		8054C0AA241D492F008907B8 /* Frameworks */ = {
			isa = PBXFrameworksBuildPhase;
			buildActionMask = 2147483647;
			files = (
			);
			runOnlyForDeploymentPostprocessing = 0;
		};
/* End PBXFrameworksBuildPhase section */

/* Begin PBXGroup section */
		8054C0A4241D492F008907B8 = {
			isa = PBXGroup;
			children = (
				8054C0AF241D492F008907B8 /* BT-Tracking */,
				8054C0AE241D492F008907B8 /* Products */,
			);
			sourceTree = "<group>";
		};
		8054C0AE241D492F008907B8 /* Products */ = {
			isa = PBXGroup;
			children = (
				8054C0AD241D492F008907B8 /* BT-Tracking.app */,
			);
			name = Products;
			sourceTree = "<group>";
		};
		8054C0AF241D492F008907B8 /* BT-Tracking */ = {
			isa = PBXGroup;
			children = (
				8054C0C9241FE66A008907B8 /* Interface */,
				8054C0CC241FE6D5008907B8 /* Services */,
				8054C0CA241FE68B008907B8 /* Supporting Files */,
				8054C0B9241D4932008907B8 /* Assets.xcassets */,
				8054C0B2241D492F008907B8 /* SceneDelegate.swift */,
				8054C0B0241D492F008907B8 /* AppDelegate.swift */,
			);
			path = "BT-Tracking";
			sourceTree = "<group>";
		};
		8054C0C9241FE66A008907B8 /* Interface */ = {
			isa = PBXGroup;
			children = (
				8054C0B6241D492F008907B8 /* Main.storyboard */,
				8054C0B4241D492F008907B8 /* ViewController.swift */,
			);
			path = Interface;
			sourceTree = "<group>";
		};
		8054C0CA241FE68B008907B8 /* Supporting Files */ = {
			isa = PBXGroup;
			children = (
				8054C0BB241D4932008907B8 /* LaunchScreen.storyboard */,
				8054C0BE241D4932008907B8 /* Info.plist */,
			);
			path = "Supporting Files";
			sourceTree = "<group>";
		};
		8054C0CC241FE6D5008907B8 /* Services */ = {
			isa = PBXGroup;
			children = (
				8054C0D1241FE720008907B8 /* BT.swift */,
				8054C0CD241FE6D5008907B8 /* BTAdvertiser.swift */,
				8054C0CF241FE706008907B8 /* BTScanner.swift */,
				8054C0D3241FEA4F008907B8 /* Log.swift */,
			);
			path = Services;
			sourceTree = "<group>";
		};
/* End PBXGroup section */

/* Begin PBXNativeTarget section */
		8054C0AC241D492F008907B8 /* BT-Tracking */ = {
			isa = PBXNativeTarget;
			buildConfigurationList = 8054C0C1241D4932008907B8 /* Build configuration list for PBXNativeTarget "BT-Tracking" */;
			buildPhases = (
				8054C0A9241D492F008907B8 /* Sources */,
				8054C0AA241D492F008907B8 /* Frameworks */,
				8054C0AB241D492F008907B8 /* Resources */,
			);
			buildRules = (
			);
			dependencies = (
			);
			name = "BT-Tracking";
			productName = "BT-Tracking";
			productReference = 8054C0AD241D492F008907B8 /* BT-Tracking.app */;
			productType = "com.apple.product-type.application";
		};
/* End PBXNativeTarget section */

/* Begin PBXProject section */
		8054C0A5241D492F008907B8 /* Project object */ = {
			isa = PBXProject;
			attributes = {
				LastSwiftUpdateCheck = 1130;
				LastUpgradeCheck = 1130;
				ORGANIZATIONNAME = Covid19CZ;
				TargetAttributes = {
					8054C0AC241D492F008907B8 = {
						CreatedOnToolsVersion = 11.3.1;
					};
				};
			};
			buildConfigurationList = 8054C0A8241D492F008907B8 /* Build configuration list for PBXProject "BT-Tracking" */;
			compatibilityVersion = "Xcode 9.3";
			developmentRegion = en;
			hasScannedForEncodings = 0;
			knownRegions = (
				en,
				Base,
			);
			mainGroup = 8054C0A4241D492F008907B8;
			productRefGroup = 8054C0AE241D492F008907B8 /* Products */;
			projectDirPath = "";
			projectRoot = "";
			targets = (
				8054C0AC241D492F008907B8 /* BT-Tracking */,
			);
		};
/* End PBXProject section */

/* Begin PBXResourcesBuildPhase section */
		8054C0AB241D492F008907B8 /* Resources */ = {
			isa = PBXResourcesBuildPhase;
			buildActionMask = 2147483647;
			files = (
				8054C0BD241D4932008907B8 /* LaunchScreen.storyboard in Resources */,
				8054C0BA241D4932008907B8 /* Assets.xcassets in Resources */,
				8054C0B8241D492F008907B8 /* Main.storyboard in Resources */,
			);
			runOnlyForDeploymentPostprocessing = 0;
		};
/* End PBXResourcesBuildPhase section */

/* Begin PBXSourcesBuildPhase section */
		8054C0A9241D492F008907B8 /* Sources */ = {
			isa = PBXSourcesBuildPhase;
			buildActionMask = 2147483647;
			files = (
				8054C0CE241FE6D5008907B8 /* BTAdvertiser.swift in Sources */,
				8054C0D4241FEA4F008907B8 /* Log.swift in Sources */,
				8054C0B5241D492F008907B8 /* ViewController.swift in Sources */,
				8054C0B1241D492F008907B8 /* AppDelegate.swift in Sources */,
				8054C0B3241D492F008907B8 /* SceneDelegate.swift in Sources */,
				8054C0D0241FE706008907B8 /* BTScanner.swift in Sources */,
				8054C0D2241FE720008907B8 /* BT.swift in Sources */,
			);
			runOnlyForDeploymentPostprocessing = 0;
		};
/* End PBXSourcesBuildPhase section */

/* Begin PBXVariantGroup section */
		8054C0B6241D492F008907B8 /* Main.storyboard */ = {
			isa = PBXVariantGroup;
			children = (
				8054C0B7241D492F008907B8 /* Base */,
			);
			name = Main.storyboard;
			sourceTree = "<group>";
		};
		8054C0BB241D4932008907B8 /* LaunchScreen.storyboard */ = {
			isa = PBXVariantGroup;
			children = (
				8054C0BC241D4932008907B8 /* Base */,
			);
			name = LaunchScreen.storyboard;
			sourceTree = "<group>";
		};
/* End PBXVariantGroup section */

/* Begin XCBuildConfiguration section */
		8054C0BF241D4932008907B8 /* Debug */ = {
			isa = XCBuildConfiguration;
			buildSettings = {
				ALWAYS_SEARCH_USER_PATHS = NO;
				CLANG_ANALYZER_NONNULL = YES;
				CLANG_ANALYZER_NUMBER_OBJECT_CONVERSION = YES_AGGRESSIVE;
				CLANG_CXX_LANGUAGE_STANDARD = "gnu++14";
				CLANG_CXX_LIBRARY = "libc++";
				CLANG_ENABLE_MODULES = YES;
				CLANG_ENABLE_OBJC_ARC = YES;
				CLANG_ENABLE_OBJC_WEAK = YES;
				CLANG_WARN_BLOCK_CAPTURE_AUTORELEASING = YES;
				CLANG_WARN_BOOL_CONVERSION = YES;
				CLANG_WARN_COMMA = YES;
				CLANG_WARN_CONSTANT_CONVERSION = YES;
				CLANG_WARN_DEPRECATED_OBJC_IMPLEMENTATIONS = YES;
				CLANG_WARN_DIRECT_OBJC_ISA_USAGE = YES_ERROR;
				CLANG_WARN_DOCUMENTATION_COMMENTS = YES;
				CLANG_WARN_EMPTY_BODY = YES;
				CLANG_WARN_ENUM_CONVERSION = YES;
				CLANG_WARN_INFINITE_RECURSION = YES;
				CLANG_WARN_INT_CONVERSION = YES;
				CLANG_WARN_NON_LITERAL_NULL_CONVERSION = YES;
				CLANG_WARN_OBJC_IMPLICIT_RETAIN_SELF = YES;
				CLANG_WARN_OBJC_LITERAL_CONVERSION = YES;
				CLANG_WARN_OBJC_ROOT_CLASS = YES_ERROR;
				CLANG_WARN_RANGE_LOOP_ANALYSIS = YES;
				CLANG_WARN_STRICT_PROTOTYPES = YES;
				CLANG_WARN_SUSPICIOUS_MOVE = YES;
				CLANG_WARN_UNGUARDED_AVAILABILITY = YES_AGGRESSIVE;
				CLANG_WARN_UNREACHABLE_CODE = YES;
				CLANG_WARN__DUPLICATE_METHOD_MATCH = YES;
				COPY_PHASE_STRIP = NO;
				DEBUG_INFORMATION_FORMAT = dwarf;
				ENABLE_STRICT_OBJC_MSGSEND = YES;
				ENABLE_TESTABILITY = YES;
				GCC_C_LANGUAGE_STANDARD = gnu11;
				GCC_DYNAMIC_NO_PIC = NO;
				GCC_NO_COMMON_BLOCKS = YES;
				GCC_OPTIMIZATION_LEVEL = 0;
				GCC_PREPROCESSOR_DEFINITIONS = (
					"DEBUG=1",
					"$(inherited)",
				);
				GCC_WARN_64_TO_32_BIT_CONVERSION = YES;
				GCC_WARN_ABOUT_RETURN_TYPE = YES_ERROR;
				GCC_WARN_UNDECLARED_SELECTOR = YES;
				GCC_WARN_UNINITIALIZED_AUTOS = YES_AGGRESSIVE;
				GCC_WARN_UNUSED_FUNCTION = YES;
				GCC_WARN_UNUSED_VARIABLE = YES;
				IPHONEOS_DEPLOYMENT_TARGET = 13.2;
				MTL_ENABLE_DEBUG_INFO = INCLUDE_SOURCE;
				MTL_FAST_MATH = YES;
				ONLY_ACTIVE_ARCH = YES;
				SDKROOT = iphoneos;
				SWIFT_ACTIVE_COMPILATION_CONDITIONS = DEBUG;
				SWIFT_OPTIMIZATION_LEVEL = "-Onone";
			};
			name = Debug;
		};
		8054C0C0241D4932008907B8 /* Release */ = {
			isa = XCBuildConfiguration;
			buildSettings = {
				ALWAYS_SEARCH_USER_PATHS = NO;
				CLANG_ANALYZER_NONNULL = YES;
				CLANG_ANALYZER_NUMBER_OBJECT_CONVERSION = YES_AGGRESSIVE;
				CLANG_CXX_LANGUAGE_STANDARD = "gnu++14";
				CLANG_CXX_LIBRARY = "libc++";
				CLANG_ENABLE_MODULES = YES;
				CLANG_ENABLE_OBJC_ARC = YES;
				CLANG_ENABLE_OBJC_WEAK = YES;
				CLANG_WARN_BLOCK_CAPTURE_AUTORELEASING = YES;
				CLANG_WARN_BOOL_CONVERSION = YES;
				CLANG_WARN_COMMA = YES;
				CLANG_WARN_CONSTANT_CONVERSION = YES;
				CLANG_WARN_DEPRECATED_OBJC_IMPLEMENTATIONS = YES;
				CLANG_WARN_DIRECT_OBJC_ISA_USAGE = YES_ERROR;
				CLANG_WARN_DOCUMENTATION_COMMENTS = YES;
				CLANG_WARN_EMPTY_BODY = YES;
				CLANG_WARN_ENUM_CONVERSION = YES;
				CLANG_WARN_INFINITE_RECURSION = YES;
				CLANG_WARN_INT_CONVERSION = YES;
				CLANG_WARN_NON_LITERAL_NULL_CONVERSION = YES;
				CLANG_WARN_OBJC_IMPLICIT_RETAIN_SELF = YES;
				CLANG_WARN_OBJC_LITERAL_CONVERSION = YES;
				CLANG_WARN_OBJC_ROOT_CLASS = YES_ERROR;
				CLANG_WARN_RANGE_LOOP_ANALYSIS = YES;
				CLANG_WARN_STRICT_PROTOTYPES = YES;
				CLANG_WARN_SUSPICIOUS_MOVE = YES;
				CLANG_WARN_UNGUARDED_AVAILABILITY = YES_AGGRESSIVE;
				CLANG_WARN_UNREACHABLE_CODE = YES;
				CLANG_WARN__DUPLICATE_METHOD_MATCH = YES;
				COPY_PHASE_STRIP = NO;
				DEBUG_INFORMATION_FORMAT = "dwarf-with-dsym";
				ENABLE_NS_ASSERTIONS = NO;
				ENABLE_STRICT_OBJC_MSGSEND = YES;
				GCC_C_LANGUAGE_STANDARD = gnu11;
				GCC_NO_COMMON_BLOCKS = YES;
				GCC_WARN_64_TO_32_BIT_CONVERSION = YES;
				GCC_WARN_ABOUT_RETURN_TYPE = YES_ERROR;
				GCC_WARN_UNDECLARED_SELECTOR = YES;
				GCC_WARN_UNINITIALIZED_AUTOS = YES_AGGRESSIVE;
				GCC_WARN_UNUSED_FUNCTION = YES;
				GCC_WARN_UNUSED_VARIABLE = YES;
				IPHONEOS_DEPLOYMENT_TARGET = 13.2;
				MTL_ENABLE_DEBUG_INFO = NO;
				MTL_FAST_MATH = YES;
				SDKROOT = iphoneos;
				SWIFT_COMPILATION_MODE = wholemodule;
				SWIFT_OPTIMIZATION_LEVEL = "-O";
				VALIDATE_PRODUCT = YES;
			};
			name = Release;
		};
		8054C0C2241D4932008907B8 /* Debug */ = {
			isa = XCBuildConfiguration;
			buildSettings = {
				ASSETCATALOG_COMPILER_APPICON_NAME = AppIcon;
				CODE_SIGN_STYLE = Automatic;
				DEVELOPMENT_TEAM = N448G4S8S9;
				INFOPLIST_FILE = "BT-Tracking/Supporting Files/Info.plist";
				IPHONEOS_DEPLOYMENT_TARGET = 11.0;
				LD_RUNPATH_SEARCH_PATHS = (
					"$(inherited)",
					"@executable_path/Frameworks",
				);
				PRODUCT_BUNDLE_IDENTIFIER = "com.covid19cz.BT-Tracking";
				PRODUCT_NAME = "$(TARGET_NAME)";
				SWIFT_VERSION = 5.0;
				TARGETED_DEVICE_FAMILY = "1,2";
			};
			name = Debug;
		};
		8054C0C3241D4932008907B8 /* Release */ = {
			isa = XCBuildConfiguration;
			buildSettings = {
				ASSETCATALOG_COMPILER_APPICON_NAME = AppIcon;
				CODE_SIGN_STYLE = Automatic;
				DEVELOPMENT_TEAM = N448G4S8S9;
				INFOPLIST_FILE = "BT-Tracking/Supporting Files/Info.plist";
				IPHONEOS_DEPLOYMENT_TARGET = 11.0;
				LD_RUNPATH_SEARCH_PATHS = (
					"$(inherited)",
					"@executable_path/Frameworks",
				);
				PRODUCT_BUNDLE_IDENTIFIER = "com.covid19cz.BT-Tracking";
				PRODUCT_NAME = "$(TARGET_NAME)";
				SWIFT_VERSION = 5.0;
				TARGETED_DEVICE_FAMILY = "1,2";
			};
			name = Release;
		};
/* End XCBuildConfiguration section */

/* Begin XCConfigurationList section */
		8054C0A8241D492F008907B8 /* Build configuration list for PBXProject "BT-Tracking" */ = {
			isa = XCConfigurationList;
			buildConfigurations = (
				8054C0BF241D4932008907B8 /* Debug */,
				8054C0C0241D4932008907B8 /* Release */,
			);
			defaultConfigurationIsVisible = 0;
			defaultConfigurationName = Release;
		};
		8054C0C1241D4932008907B8 /* Build configuration list for PBXNativeTarget "BT-Tracking" */ = {
			isa = XCConfigurationList;
			buildConfigurations = (
				8054C0C2241D4932008907B8 /* Debug */,
				8054C0C3241D4932008907B8 /* Release */,
			);
			defaultConfigurationIsVisible = 0;
			defaultConfigurationName = Release;
		};
/* End XCConfigurationList section */
	};
	rootObject = 8054C0A5241D492F008907B8 /* Project object */;
}
